{
  "name": "DVA313-Project-4",
  "lockfileVersion": 3,
  "requires": true,
  "packages": {
    "": {
      "dependencies": {
        "tzdata": "^1.0.47"
      }
    },
    "node_modules/tzdata": {
      "version": "1.0.47",
      "resolved": "https://registry.npmjs.org/tzdata/-/tzdata-1.0.47.tgz",
      "integrity": "sha512-a/qlKCJgp+S6naLr4wr6oIPRiFaJ0wOY5hcNZ/GJhjAjq8uihaVs0rTJ1Jmp4M2UmZ/FKAkeJsmjJf9kQ4Tq6g==",
      "license": "MIT"
    }
  }
}
